
Microsoft Visual Studio Solution File, Format Version 12.00
# Visual Studio Version 17
VisualStudioVersion = 17.14.36221.1
MinimumVisualStudioVersion = 10.0.40219.1
Project("{FAE04EC0-301F-11D3-BF4B-00C04F79EFBC}") = "BetSizingCalculator.Console", "BetSizingCalculator.Console\BetSizingCalculator.Console.csproj", "{8AF618DC-F7EB-DDAD-5018-E4618E855271}"
EndProject
Global
	GlobalSection(SolutionConfigurationPlatforms) = preSolution
		Debug|Any CPU = Debug|Any CPU
		Release|Any CPU = Release|Any CPU
	EndGlobalSection
	GlobalSection(ProjectConfigurationPlatforms) = postSolution
		{8AF618DC-F7EB-DDAD-5018-E4618E855271}.Debug|Any CPU.ActiveCfg = Debug|Any CPU
		{8AF618DC-F7EB-DDAD-5018-E4618E855271}.Debug|Any CPU.Build.0 = Debug|Any CPU
		{8AF618DC-F7EB-DDAD-5018-E4618E855271}.Release|Any CPU.ActiveCfg = Release|Any CPU
		{8AF618DC-F7EB-DDAD-5018-E4618E855271}.Release|Any CPU.Build.0 = Release|Any CPU
	EndGlobalSection
	GlobalSection(SolutionProperties) = preSolution
		HideSolutionNode = FALSE
	EndGlobalSection
	GlobalSection(ExtensibilityGlobals) = postSolution
		SolutionGuid = {8E6BD5E5-ABB7-44C8-9685-689E68008BF8}
	EndGlobalSection
EndGlobal
